
Microsoft Visual Studio Solution File, Format Version 12.00
# Visual Studio Version 17
VisualStudioVersion = 17.6.33801.468
MinimumVisualStudioVersion = 10.0.40219.1
Project("{FAE04EC0-301F-11D3-BF4B-00C04F79EFBC}") = "Esercizio-3-ADVANCES_C--.NET", "Esercizio-3-ADVANCES_C--.NET\Esercizio-3-ADVANCES_C--.NET.csproj", "{8E59DFB3-1AF2-473D-8ECC-73B13D0DF3AF}"
EndProject
Project("{FAE04EC0-301F-11D3-BF4B-00C04F79EFBC}") = "Test", "Test\Test.csproj", "{2CFB7140-3FAB-4F46-BAC5-7EF5AC3661B2}"
EndProject
Global
	GlobalSection(SolutionConfigurationPlatforms) = preSolution
		Debug|Any CPU = Debug|Any CPU
		Release|Any CPU = Release|Any CPU
	EndGlobalSection
	GlobalSection(ProjectConfigurationPlatforms) = postSolution
		{8E59DFB3-1AF2-473D-8ECC-73B13D0DF3AF}.Debug|Any CPU.ActiveCfg = Debug|Any CPU
		{8E59DFB3-1AF2-473D-8ECC-73B13D0DF3AF}.Debug|Any CPU.Build.0 = Debug|Any CPU
		{8E59DFB3-1AF2-473D-8ECC-73B13D0DF3AF}.Release|Any CPU.ActiveCfg = Release|Any CPU
		{8E59DFB3-1AF2-473D-8ECC-73B13D0DF3AF}.Release|Any CPU.Build.0 = Release|Any CPU
		{2CFB7140-3FAB-4F46-BAC5-7EF5AC3661B2}.Debug|Any CPU.ActiveCfg = Debug|Any CPU
		{2CFB7140-3FAB-4F46-BAC5-7EF5AC3661B2}.Debug|Any CPU.Build.0 = Debug|Any CPU
		{2CFB7140-3FAB-4F46-BAC5-7EF5AC3661B2}.Release|Any CPU.ActiveCfg = Release|Any CPU
		{2CFB7140-3FAB-4F46-BAC5-7EF5AC3661B2}.Release|Any CPU.Build.0 = Release|Any CPU
	EndGlobalSection
	GlobalSection(SolutionProperties) = preSolution
		HideSolutionNode = FALSE
	EndGlobalSection
	GlobalSection(ExtensibilityGlobals) = postSolution
		SolutionGuid = {EBAB6ECE-F0AE-4592-BDCB-9EDEAC784AF3}
	EndGlobalSection
EndGlobal
